
Microsoft Visual Studio Solution File, Format Version 12.00
# Visual Studio Version 17
VisualStudioVersion = 17.14.37710.0 d17.14
MinimumVisualStudioVersion = 10.0.40219.1
Project("{8BC9CEB8-8B4A-11D0-8D11-00A0C91BC942}") = "C_language", "C_language\C_language.vcxproj", "{A4AD270D-7BF5-4876-A50D-D660D148D728}"
EndProject
Global
	GlobalSection(SolutionConfigurationPlatforms) = preSolution
		Debug|x64 = Debug|x64
		Debug|x86 = Debug|x86
		Release|x64 = Release|x64
		Release|x86 = Release|x86
	EndGlobalSection
	GlobalSection(ProjectConfigurationPlatforms) = postSolution
		{A4AD270D-7BF5-4876-A50D-D660D148D728}.Debug|x64.ActiveCfg = Debug|x64
		{A4AD270D-7BF5-4876-A50D-D660D148D728}.Debug|x64.Build.0 = Debug|x64
		{A4AD270D-7BF5-4876-A50D-D660D148D728}.Debug|x86.ActiveCfg = Debug|Win32
		{A4AD270D-7BF5-4876-A50D-D660D148D728}.Debug|x86.Build.0 = Debug|Win32
		{A4AD270D-7BF5-4876-A50D-D660D148D728}.Release|x64.ActiveCfg = Release|x64
		{A4AD270D-7BF5-4876-A50D-D660D148D728}.Release|x64.Build.0 = Release|x64
		{A4AD270D-7BF5-4876-A50D-D660D148D728}.Release|x86.ActiveCfg = Release|Win32
		{A4AD270D-7BF5-4876-A50D-D660D148D728}.Release|x86.Build.0 = Release|Win32
	EndGlobalSection
	GlobalSection(SolutionProperties) = preSolution
		HideSolutionNode = FALSE
	EndGlobalSection
	GlobalSection(ExtensibilityGlobals) = postSolution
		SolutionGuid = {AB2ABD69-EBA7-4917-8415-2B848853F63A}
	EndGlobalSection
EndGlobal
